<?xml version="1.0" encoding="utf-8"?>
<Project ToolsVersion="4.0" xmlns="http://schemas.microsoft.com/developer/msbuild/2003">
  <ItemGroup>
    <Filter Include="Source Files">
      <UniqueIdentifier>{4FC737F1-C7A5-4376-A066-2A32D752A2FF}</UniqueIdentifier>
      <Extensions>cpp;c;cc;cxx;def;odl;idl;hpj;bat;asm;asmx</Extensions>
    </Filter>
    <Filter Include="Header Files">
      <UniqueIdentifier>{93995380-89BD-4b04-88EB-625FBE52EBFB}</UniqueIdentifier>
      <Extensions>h;hh;hpp;hxx;hm;inl;inc;xsd</Extensions>
    </Filter>
    <Filter Include="Resource Files">
      <UniqueIdentifier>{67DA6AB6-F800-4c08-8B7A-83BB121AAD01}</UniqueIdentifier>
      <Extensions>rc;ico;cur;bmp;dlg;rc2;rct;bin;rgs;gif;jpg;jpeg;jpe;resx;tiff;tif;png;wav;mfcribbon-ms</Extensions>
    </Filter>
    <Filter Include="Header Files\solver">
      <UniqueIdentifier>{546eb3e2-9e79-4438-bf5f-f3ba04cf898e}</UniqueIdentifier>
    </Filter>
    <Filter Include="Header Files\lookup table">
      <UniqueIdentifier>{b6693f86-1b91-4b4e-93dd-163a1d3d6475}</UniqueIdentifier>
    </Filter>
    <Filter Include="Header Files\DiscreteDomain">
      <UniqueIdentifier>{7cb06cac-ca98-4627-9cf8-f86492f7f974}</UniqueIdentifier>
    </Filter>
  </ItemGroup>
  <ItemGroup>
    <ClInclude Include="DiscreteProblem.hpp">
      <Filter>Header Files</Filter>
    </ClInclude>
    <ClInclude Include="DiscreteProblem_IMPL.hpp">
      <Filter>Header Files</Filter>
    </ClInclude>
    <ClInclude Include="PropertyCalculator.hpp">
      <Filter>Header Files</Filter>
    </ClInclude>
    <ClInclude Include="Point.hpp">
      <Filter>Header Files\DiscreteDomain</Filter>
    </ClInclude>
    <ClInclude Include="NewtonSolver.hpp">
      <Filter>Header Files\solver</Filter>
    </ClInclude>
    <ClInclude Include="Intel_Pardiso.hpp">
      <Filter>Header Files\solver</Filter>
    </ClInclude>
    <ClInclude Include="interpolators.hpp">
      <Filter>Header Files\lookup table</Filter>
    </ClInclude>
    <ClInclude Include="func_table.hpp">
      <Filter>Header Files\lookup table</Filter>
    </ClInclude>
    <ClInclude Include="MeshBuilder.hpp">
      <Filter>Header Files\DiscreteDomain</Filter>
    </ClInclude>
    <ClInclude Include="DiscreteDomain.hpp">
      <Filter>Header Files\DiscreteDomain</Filter>
    </ClInclude>
    <ClInclude Include="CSR_Matrix.hpp">
      <Filter>Header Files\solver</Filter>
    </ClInclude>
    <ClInclude Include="Intel_ILU0.hpp">
      <Filter>Header Files\solver</Filter>
    </ClInclude>
    <ClInclude Include="Intel_ILU0_GMRES.hpp">
      <Filter>Header Files\solver</Filter>
    </ClInclude>
    <ClInclude Include="Intel_ILUT_GMRES.hpp">
      <Filter>Header Files\solver</Filter>
    </ClInclude>
    <ClInclude Include="Intel_Prec_GMRES.hpp">
      <Filter>Header Files\solver</Filter>
    </ClInclude>
    <ClInclude Include="R_Precond_Solver.hpp">
      <Filter>Header Files\solver</Filter>
    </ClInclude>
    <ClInclude Include="TwoStageCombinative.hpp">
      <Filter>Header Files\solver</Filter>
    </ClInclude>
    <ClInclude Include="EDFM.hpp">
      <Filter>Header Files\DiscreteDomain</Filter>
    </ClInclude>
  </ItemGroup>
  <ItemGroup>
    <ClCompile Include="DiscreteProblem.cpp">
      <Filter>Source Files</Filter>
    </ClCompile>
    <ClCompile Include="Source.cpp">
      <Filter>Source Files</Filter>
    </ClCompile>
    <ClCompile Include="simulator.cpp">
      <Filter>Source Files</Filter>
    </ClCompile>
  </ItemGroup>
</Project>